
Microsoft Visual Studio Solution File, Format Version 12.00
# Visual Studio Version 17
VisualStudioVersion = 17.4.33213.308
MinimumVisualStudioVersion = 10.0.40219.1
Project("{9A19103F-16F7-4668-BE54-9A1E7A4F7556}") = "Banco_Dev", "Banco_Dev\Banco_Dev.csproj", "{78A4F9DB-C078-4A5E-8810-F8FE98E437BB}"
EndProject
Project("{2150E333-8FDC-42A3-9474-1A3956D46DE8}") = "Models", "Models", "{8D6D927C-4E67-413F-A97D-BF9E936D9F2E}"
	ProjectSection(SolutionItems) = preProject
		..\..\M1S3-SistemaBanco\ClienteModel.cs = ..\..\M1S3-SistemaBanco\ClienteModel.cs
		..\..\M1S3-SistemaBanco\TransacaoModel.cs = ..\..\M1S3-SistemaBanco\TransacaoModel.cs
	EndProjectSection
EndProject
Global
	GlobalSection(SolutionConfigurationPlatforms) = preSolution
		Debug|Any CPU = Debug|Any CPU
		Release|Any CPU = Release|Any CPU
	EndGlobalSection
	GlobalSection(ProjectConfigurationPlatforms) = postSolution
		{78A4F9DB-C078-4A5E-8810-F8FE98E437BB}.Debug|Any CPU.ActiveCfg = Debug|Any CPU
		{78A4F9DB-C078-4A5E-8810-F8FE98E437BB}.Debug|Any CPU.Build.0 = Debug|Any CPU
		{78A4F9DB-C078-4A5E-8810-F8FE98E437BB}.Release|Any CPU.ActiveCfg = Release|Any CPU
		{78A4F9DB-C078-4A5E-8810-F8FE98E437BB}.Release|Any CPU.Build.0 = Release|Any CPU
	EndGlobalSection
	GlobalSection(SolutionProperties) = preSolution
		HideSolutionNode = FALSE
	EndGlobalSection
	GlobalSection(ExtensibilityGlobals) = postSolution
		SolutionGuid = {683CFE84-CD1B-4BF1-8476-F199815F80F7}
	EndGlobalSection
EndGlobal
