
Microsoft Visual Studio Solution File, Format Version 12.00
# Visual Studio Version 17
VisualStudioVersion = 17.4.33213.308
MinimumVisualStudioVersion = 10.0.40219.1
Project("{9A19103F-16F7-4668-BE54-9A1E7A4F7556}") = "Banco_Dev", "Banco_Dev\Banco_Dev.csproj", "{2D02FF7E-F7E5-49D3-9AFC-8DB06F5392E1}"
EndProject
Global
	GlobalSection(SolutionConfigurationPlatforms) = preSolution
		Debug|Any CPU = Debug|Any CPU
		Release|Any CPU = Release|Any CPU
	EndGlobalSection
	GlobalSection(ProjectConfigurationPlatforms) = postSolution
		{2D02FF7E-F7E5-49D3-9AFC-8DB06F5392E1}.Debug|Any CPU.ActiveCfg = Debug|Any CPU
		{2D02FF7E-F7E5-49D3-9AFC-8DB06F5392E1}.Debug|Any CPU.Build.0 = Debug|Any CPU
		{2D02FF7E-F7E5-49D3-9AFC-8DB06F5392E1}.Release|Any CPU.ActiveCfg = Release|Any CPU
		{2D02FF7E-F7E5-49D3-9AFC-8DB06F5392E1}.Release|Any CPU.Build.0 = Release|Any CPU
	EndGlobalSection
	GlobalSection(SolutionProperties) = preSolution
		HideSolutionNode = FALSE
	EndGlobalSection
	GlobalSection(ExtensibilityGlobals) = postSolution
		SolutionGuid = {683CFE84-CD1B-4BF1-8476-F199815F80F7}
	EndGlobalSection
EndGlobal
